// !$*UTF8*$!
{
	archiveVersion = 1;
	classes = {
	};
	objectVersion = 50;
	objects = {

/* Begin PBXBuildFile section */
		450F84E323ABE9F2008C761D /* AppDelegate.swift in Sources */ = {isa = PBXBuildFile; fileRef = 450F84E223ABE9F2008C761D /* AppDelegate.swift */; };
		450F84E723ABE9F2008C761D /* ViewController.swift in Sources */ = {isa = PBXBuildFile; fileRef = 450F84E623ABE9F2008C761D /* ViewController.swift */; };
		450F84EA23ABE9F2008C761D /* Main.storyboard in Resources */ = {isa = PBXBuildFile; fileRef = 450F84E823ABE9F2008C761D /* Main.storyboard */; };
		450F84EC23ABE9F6008C761D /* Assets.xcassets in Resources */ = {isa = PBXBuildFile; fileRef = 450F84EB23ABE9F6008C761D /* Assets.xcassets */; };
		450F84EF23ABE9F6008C761D /* LaunchScreen.storyboard in Resources */ = {isa = PBXBuildFile; fileRef = 450F84ED23ABE9F6008C761D /* LaunchScreen.storyboard */; };
		452DD7D823AF788F00F25BE7 /* MyFruits 1.mlmodel in Sources */ = {isa = PBXBuildFile; fileRef = 452DD7D723AF788F00F25BE7 /* MyFruits 1.mlmodel */; };
/* End PBXBuildFile section */

/* Begin PBXFileReference section */
		450F84DF23ABE9F2008C761D /* ML Sample.app */ = {isa = PBXFileReference; explicitFileType = wrapper.application; includeInIndex = 0; path = "ML Sample.app"; sourceTree = BUILT_PRODUCTS_DIR; };
		450F84E223ABE9F2008C761D /* AppDelegate.swift */ = {isa = PBXFileReference; lastKnownFileType = sourcecode.swift; path = AppDelegate.swift; sourceTree = "<group>"; };
		450F84E623ABE9F2008C761D /* ViewController.swift */ = {isa = PBXFileReference; lastKnownFileType = sourcecode.swift; path = ViewController.swift; sourceTree = "<group>"; };
		450F84E923ABE9F2008C761D /* Base */ = {isa = PBXFileReference; lastKnownFileType = file.storyboard; name = Base; path = Base.lproj/Main.storyboard; sourceTree = "<group>"; };
		450F84EB23ABE9F6008C761D /* Assets.xcassets */ = {isa = PBXFileReference; lastKnownFileType = folder.assetcatalog; path = Assets.xcassets; sourceTree = "<group>"; };
		450F84EE23ABE9F6008C761D /* Base */ = {isa = PBXFileReference; lastKnownFileType = file.storyboard; name = Base; path = Base.lproj/LaunchScreen.storyboard; sourceTree = "<group>"; };
		450F84F023ABE9F6008C761D /* Info.plist */ = {isa = PBXFileReference; lastKnownFileType = text.plist.xml; path = Info.plist; sourceTree = "<group>"; };
		452DD7D723AF788F00F25BE7 /* MyFruits 1.mlmodel */ = {isa = PBXFileReference; lastKnownFileType = file.mlmodel; path = "MyFruits 1.mlmodel"; sourceTree = "<group>"; };
		45AA770123ACDD8500FC24A9 /* ML Sample.entitlements */ = {isa = PBXFileReference; lastKnownFileType = text.plist.entitlements; path = "ML Sample.entitlements"; sourceTree = "<group>"; };
/* End PBXFileReference section */

/* Begin PBXFrameworksBuildPhase section */
		450F84DC23ABE9F2008C761D /* Frameworks */ = {
			isa = PBXFrameworksBuildPhase;
			buildActionMask = 2147483647;
			files = (
			);
			runOnlyForDeploymentPostprocessing = 0;
		};
/* End PBXFrameworksBuildPhase section */

/* Begin PBXGroup section */
		450F84D623ABE9F2008C761D = {
			isa = PBXGroup;
			children = (
				450F84E123ABE9F2008C761D /* ML Sample */,
				450F84E023ABE9F2008C761D /* Products */,
			);
			sourceTree = "<group>";
		};
		450F84E023ABE9F2008C761D /* Products */ = {
			isa = PBXGroup;
			children = (
				450F84DF23ABE9F2008C761D /* ML Sample.app */,
			);
			name = Products;
			sourceTree = "<group>";
		};
		450F84E123ABE9F2008C761D /* ML Sample */ = {
			isa = PBXGroup;
			children = (
				45AA770123ACDD8500FC24A9 /* ML Sample.entitlements */,
				450F84E223ABE9F2008C761D /* AppDelegate.swift */,
				450F84E623ABE9F2008C761D /* ViewController.swift */,
				452DD7D723AF788F00F25BE7 /* MyFruits 1.mlmodel */,
				450F84E823ABE9F2008C761D /* Main.storyboard */,
				450F84EB23ABE9F6008C761D /* Assets.xcassets */,
				450F84ED23ABE9F6008C761D /* LaunchScreen.storyboard */,
				450F84F023ABE9F6008C761D /* Info.plist */,
			);
			path = "ML Sample";
			sourceTree = "<group>";
		};
/* End PBXGroup section */

/* Begin PBXNativeTarget section */
		450F84DE23ABE9F2008C761D /* ML Sample */ = {
			isa = PBXNativeTarget;
			buildConfigurationList = 450F84F323ABE9F6008C761D /* Build configuration list for PBXNativeTarget "ML Sample" */;
			buildPhases = (
				450F84DB23ABE9F2008C761D /* Sources */,
				450F84DC23ABE9F2008C761D /* Frameworks */,
				450F84DD23ABE9F2008C761D /* Resources */,
			);
			buildRules = (
			);
			dependencies = (
			);
			name = "ML Sample";
			productName = "ML Sample";
			productReference = 450F84DF23ABE9F2008C761D /* ML Sample.app */;
			productType = "com.apple.product-type.application";
		};
/* End PBXNativeTarget section */

/* Begin PBXProject section */
		450F84D723ABE9F2008C761D /* Project object */ = {
			isa = PBXProject;
			attributes = {
				LastSwiftUpdateCheck = 1120;
				LastUpgradeCheck = 1120;
				ORGANIZATIONNAME = srp;
				TargetAttributes = {
					450F84DE23ABE9F2008C761D = {
						CreatedOnToolsVersion = 11.2.1;
					};
				};
			};
			buildConfigurationList = 450F84DA23ABE9F2008C761D /* Build configuration list for PBXProject "ML Sample" */;
			compatibilityVersion = "Xcode 9.3";
			developmentRegion = en;
			hasScannedForEncodings = 0;
			knownRegions = (
				en,
				Base,
			);
			mainGroup = 450F84D623ABE9F2008C761D;
			productRefGroup = 450F84E023ABE9F2008C761D /* Products */;
			projectDirPath = "";
			projectRoot = "";
			targets = (
				450F84DE23ABE9F2008C761D /* ML Sample */,
			);
		};
/* End PBXProject section */

/* Begin PBXResourcesBuildPhase section */
		450F84DD23ABE9F2008C761D /* Resources */ = {
			isa = PBXResourcesBuildPhase;
			buildActionMask = 2147483647;
			files = (
				450F84EF23ABE9F6008C761D /* LaunchScreen.storyboard in Resources */,
				450F84EC23ABE9F6008C761D /* Assets.xcassets in Resources */,
				450F84EA23ABE9F2008C761D /* Main.storyboard in Resources */,
			);
			runOnlyForDeploymentPostprocessing = 0;
		};
/* End PBXResourcesBuildPhase section */

/* Begin PBXSourcesBuildPhase section */
		450F84DB23ABE9F2008C761D /* Sources */ = {
			isa = PBXSourcesBuildPhase;
			buildActionMask = 2147483647;
			files = (
				450F84E723ABE9F2008C761D /* ViewController.swift in Sources */,
				450F84E323ABE9F2008C761D /* AppDelegate.swift in Sources */,
				452DD7D823AF788F00F25BE7 /* MyFruits 1.mlmodel in Sources */,
			);
			runOnlyForDeploymentPostprocessing = 0;
		};
/* End PBXSourcesBuildPhase section */

/* Begin PBXVariantGroup section */
		450F84E823ABE9F2008C761D /* Main.storyboard */ = {
			isa = PBXVariantGroup;
			children = (
				450F84E923ABE9F2008C761D /* Base */,
			);
			name = Main.storyboard;
			sourceTree = "<group>";
		};
		450F84ED23ABE9F6008C761D /* LaunchScreen.storyboard */ = {
			isa = PBXVariantGroup;
			children = (
				450F84EE23ABE9F6008C761D /* Base */,
			);
			name = LaunchScreen.storyboard;
			sourceTree = "<group>";
		};
/* End PBXVariantGroup section */

/* Begin XCBuildConfiguration section */
		450F84F123ABE9F6008C761D /* Debug */ = {
			isa = XCBuildConfiguration;
			buildSettings = {
				ALWAYS_SEARCH_USER_PATHS = NO;
				CLANG_ANALYZER_NONNULL = YES;
				CLANG_ANALYZER_NUMBER_OBJECT_CONVERSION = YES_AGGRESSIVE;
				CLANG_CXX_LANGUAGE_STANDARD = "gnu++14";
				CLANG_CXX_LIBRARY = "libc++";
				CLANG_ENABLE_MODULES = YES;
				CLANG_ENABLE_OBJC_ARC = YES;
				CLANG_ENABLE_OBJC_WEAK = YES;
				CLANG_WARN_BLOCK_CAPTURE_AUTORELEASING = YES;
				CLANG_WARN_BOOL_CONVERSION = YES;
				CLANG_WARN_COMMA = YES;
				CLANG_WARN_CONSTANT_CONVERSION = YES;
				CLANG_WARN_DEPRECATED_OBJC_IMPLEMENTATIONS = YES;
				CLANG_WARN_DIRECT_OBJC_ISA_USAGE = YES_ERROR;
				CLANG_WARN_DOCUMENTATION_COMMENTS = YES;
				CLANG_WARN_EMPTY_BODY = YES;
				CLANG_WARN_ENUM_CONVERSION = YES;
				CLANG_WARN_INFINITE_RECURSION = YES;
				CLANG_WARN_INT_CONVERSION = YES;
				CLANG_WARN_NON_LITERAL_NULL_CONVERSION = YES;
				CLANG_WARN_OBJC_IMPLICIT_RETAIN_SELF = YES;
				CLANG_WARN_OBJC_LITERAL_CONVERSION = YES;
				CLANG_WARN_OBJC_ROOT_CLASS = YES_ERROR;
				CLANG_WARN_RANGE_LOOP_ANALYSIS = YES;
				CLANG_WARN_STRICT_PROTOTYPES = YES;
				CLANG_WARN_SUSPICIOUS_MOVE = YES;
				CLANG_WARN_UNGUARDED_AVAILABILITY = YES_AGGRESSIVE;
				CLANG_WARN_UNREACHABLE_CODE = YES;
				CLANG_WARN__DUPLICATE_METHOD_MATCH = YES;
				COPY_PHASE_STRIP = NO;
				DEBUG_INFORMATION_FORMAT = dwarf;
				ENABLE_STRICT_OBJC_MSGSEND = YES;
				ENABLE_TESTABILITY = YES;
				GCC_C_LANGUAGE_STANDARD = gnu11;
				GCC_DYNAMIC_NO_PIC = NO;
				GCC_NO_COMMON_BLOCKS = YES;
				GCC_OPTIMIZATION_LEVEL = 0;
				GCC_PREPROCESSOR_DEFINITIONS = (
					"DEBUG=1",
					"$(inherited)",
				);
				GCC_WARN_64_TO_32_BIT_CONVERSION = YES;
				GCC_WARN_ABOUT_RETURN_TYPE = YES_ERROR;
				GCC_WARN_UNDECLARED_SELECTOR = YES;
				GCC_WARN_UNINITIALIZED_AUTOS = YES_AGGRESSIVE;
				GCC_WARN_UNUSED_FUNCTION = YES;
				GCC_WARN_UNUSED_VARIABLE = YES;
				IPHONEOS_DEPLOYMENT_TARGET = 13.2;
				MTL_ENABLE_DEBUG_INFO = INCLUDE_SOURCE;
				MTL_FAST_MATH = YES;
				ONLY_ACTIVE_ARCH = YES;
				SDKROOT = iphoneos;
				SWIFT_ACTIVE_COMPILATION_CONDITIONS = DEBUG;
				SWIFT_OPTIMIZATION_LEVEL = "-Onone";
			};
			name = Debug;
		};
		450F84F223ABE9F6008C761D /* Release */ = {
			isa = XCBuildConfiguration;
			buildSettings = {
				ALWAYS_SEARCH_USER_PATHS = NO;
				CLANG_ANALYZER_NONNULL = YES;
				CLANG_ANALYZER_NUMBER_OBJECT_CONVERSION = YES_AGGRESSIVE;
				CLANG_CXX_LANGUAGE_STANDARD = "gnu++14";
				CLANG_CXX_LIBRARY = "libc++";
				CLANG_ENABLE_MODULES = YES;
				CLANG_ENABLE_OBJC_ARC = YES;
				CLANG_ENABLE_OBJC_WEAK = YES;
				CLANG_WARN_BLOCK_CAPTURE_AUTORELEASING = YES;
				CLANG_WARN_BOOL_CONVERSION = YES;
				CLANG_WARN_COMMA = YES;
				CLANG_WARN_CONSTANT_CONVERSION = YES;
				CLANG_WARN_DEPRECATED_OBJC_IMPLEMENTATIONS = YES;
				CLANG_WARN_DIRECT_OBJC_ISA_USAGE = YES_ERROR;
				CLANG_WARN_DOCUMENTATION_COMMENTS = YES;
				CLANG_WARN_EMPTY_BODY = YES;
				CLANG_WARN_ENUM_CONVERSION = YES;
				CLANG_WARN_INFINITE_RECURSION = YES;
				CLANG_WARN_INT_CONVERSION = YES;
				CLANG_WARN_NON_LITERAL_NULL_CONVERSION = YES;
				CLANG_WARN_OBJC_IMPLICIT_RETAIN_SELF = YES;
				CLANG_WARN_OBJC_LITERAL_CONVERSION = YES;
				CLANG_WARN_OBJC_ROOT_CLASS = YES_ERROR;
				CLANG_WARN_RANGE_LOOP_ANALYSIS = YES;
				CLANG_WARN_STRICT_PROTOTYPES = YES;
				CLANG_WARN_SUSPICIOUS_MOVE = YES;
				CLANG_WARN_UNGUARDED_AVAILABILITY = YES_AGGRESSIVE;
				CLANG_WARN_UNREACHABLE_CODE = YES;
				CLANG_WARN__DUPLICATE_METHOD_MATCH = YES;
				COPY_PHASE_STRIP = NO;
				DEBUG_INFORMATION_FORMAT = "dwarf-with-dsym";
				ENABLE_NS_ASSERTIONS = NO;
				ENABLE_STRICT_OBJC_MSGSEND = YES;
				GCC_C_LANGUAGE_STANDARD = gnu11;
				GCC_NO_COMMON_BLOCKS = YES;
				GCC_WARN_64_TO_32_BIT_CONVERSION = YES;
				GCC_WARN_ABOUT_RETURN_TYPE = YES_ERROR;
				GCC_WARN_UNDECLARED_SELECTOR = YES;
				GCC_WARN_UNINITIALIZED_AUTOS = YES_AGGRESSIVE;
				GCC_WARN_UNUSED_FUNCTION = YES;
				GCC_WARN_UNUSED_VARIABLE = YES;
				IPHONEOS_DEPLOYMENT_TARGET = 13.2;
				MTL_ENABLE_DEBUG_INFO = NO;
				MTL_FAST_MATH = YES;
				SDKROOT = iphoneos;
				SWIFT_COMPILATION_MODE = wholemodule;
				SWIFT_OPTIMIZATION_LEVEL = "-O";
				VALIDATE_PRODUCT = YES;
			};
			name = Release;
		};
		450F84F423ABE9F6008C761D /* Debug */ = {
			isa = XCBuildConfiguration;
			buildSettings = {
				ASSETCATALOG_COMPILER_APPICON_NAME = AppIcon;
				CODE_SIGN_ENTITLEMENTS = "ML Sample/ML Sample.entitlements";
				CODE_SIGN_STYLE = Automatic;
				DERIVE_MACCATALYST_PRODUCT_BUNDLE_IDENTIFIER = YES;
				DEVELOPMENT_TEAM = 5HXD835SDF;
				INFOPLIST_FILE = "ML Sample/Info.plist";
				IPHONEOS_DEPLOYMENT_TARGET = 12.4;
				LD_RUNPATH_SEARCH_PATHS = (
					"$(inherited)",
					"@executable_path/Frameworks",
				);
				PRODUCT_BUNDLE_IDENTIFIER = "com.srp.mlsample.ML-Sample";
				PRODUCT_NAME = "$(TARGET_NAME)";
				SUPPORTS_MACCATALYST = YES;
				SWIFT_VERSION = 5.0;
				TARGETED_DEVICE_FAMILY = "1,2";
			};
			name = Debug;
		};
		450F84F523ABE9F6008C761D /* Release */ = {
			isa = XCBuildConfiguration;
			buildSettings = {
				ASSETCATALOG_COMPILER_APPICON_NAME = AppIcon;
				CODE_SIGN_ENTITLEMENTS = "ML Sample/ML Sample.entitlements";
				CODE_SIGN_STYLE = Automatic;
				DERIVE_MACCATALYST_PRODUCT_BUNDLE_IDENTIFIER = YES;
				DEVELOPMENT_TEAM = 5HXD835SDF;
				INFOPLIST_FILE = "ML Sample/Info.plist";
				IPHONEOS_DEPLOYMENT_TARGET = 12.4;
				LD_RUNPATH_SEARCH_PATHS = (
					"$(inherited)",
					"@executable_path/Frameworks",
				);
				PRODUCT_BUNDLE_IDENTIFIER = "com.srp.mlsample.ML-Sample";
				PRODUCT_NAME = "$(TARGET_NAME)";
				SUPPORTS_MACCATALYST = YES;
				SWIFT_VERSION = 5.0;
				TARGETED_DEVICE_FAMILY = "1,2";
			};
			name = Release;
		};
/* End XCBuildConfiguration section */

/* Begin XCConfigurationList section */
		450F84DA23ABE9F2008C761D /* Build configuration list for PBXProject "ML Sample" */ = {
			isa = XCConfigurationList;
			buildConfigurations = (
				450F84F123ABE9F6008C761D /* Debug */,
				450F84F223ABE9F6008C761D /* Release */,
			);
			defaultConfigurationIsVisible = 0;
			defaultConfigurationName = Release;
		};
		450F84F323ABE9F6008C761D /* Build configuration list for PBXNativeTarget "ML Sample" */ = {
			isa = XCConfigurationList;
			buildConfigurations = (
				450F84F423ABE9F6008C761D /* Debug */,
				450F84F523ABE9F6008C761D /* Release */,
			);
			defaultConfigurationIsVisible = 0;
			defaultConfigurationName = Release;
		};
/* End XCConfigurationList section */
	};
	rootObject = 450F84D723ABE9F2008C761D /* Project object */;
}
